{
    "_readme": [
        "This file locks the dependencies of your project to a known state",
        "Read more about it at http://getcomposer.org/doc/01-basic-usage.md#composer-lock-the-lock-file"
    ],
    "hash": "b81e60ac98541abaa1ff8a9cc41c2cf1",
    "packages": [
        {
            "name": "eloquent/pbkdf2-compat",
            "version": "1.0.0",
            "source": {
                "type": "git",
                "url": "https://github.com/eloquent/pbkdf2-compat.git",
                "reference": "9fe860364989e7b124df9b57d4bf505c196f772b"
            },
            "dist": {
                "type": "zip",
                "url": "https://api.github.com/repos/eloquent/pbkdf2-compat/zipball/9fe860364989e7b124df9b57d4bf505c196f772b",
                "reference": "9fe860364989e7b124df9b57d4bf505c196f772b",
                "shasum": ""
            },
            "require": {
                "php": ">=5.3"
            },
            "require-dev": {
                "icecave/archer": "~0.4"
            },
            "type": "library",
            "autoload": {
                "files": [
                    "src/hash_pbkdf2.php"
                ]
            },
            "notification-url": "https://packagist.org/downloads/",
            "license": [
                "MIT"
            ],
            "authors": [
                {
                    "name": "Erin Millard",
                    "email": "ezzatron@gmail.com",
                    "homepage": "http://ezzatron.com/"
                }
            ],
            "description": "A compatibility library for the PHP 5.5 function hash_pbkdf2().",
            "homepage": "https://github.com/eloquent/pbkdf2-compat",
            "keywords": [
                "compat",
                "compatibility",
                "hash",
                "hash_pbkdf2",
                "pbkdf",
                "pbkdf2",
                "pkcs",
                "pkcs5"
            ],
            "time": "2013-06-24 02:44:51"
        },
        {
            "name": "swiftmailer/swiftmailer",
            "version": "v5.0.2",
            "source": {
                "type": "git",
                "url": "https://github.com/swiftmailer/swiftmailer.git",
                "reference": "f3917ecef35a4e4d98b303eb9fee463bc983f379"
            },
            "dist": {
                "type": "zip",
                "url": "https://api.github.com/repos/swiftmailer/swiftmailer/zipball/f3917ecef35a4e4d98b303eb9fee463bc983f379",
                "reference": "f3917ecef35a4e4d98b303eb9fee463bc983f379",
                "shasum": ""
            },
            "require": {
                "php": ">=5.2.4"
            },
            "type": "library",
            "extra": {
                "branch-alias": {
                    "dev-master": "5.1-dev"
                }
            },
            "autoload": {
                "files": [
                    "lib/swift_required.php"
                ]
            },
            "notification-url": "https://packagist.org/downloads/",
            "license": [
                "MIT"
            ],
            "authors": [
                {
                    "name": "Fabien Potencier",
                    "email": "fabien@symfony.com",
                    "homepage": "http://fabien.potencier.org",
                    "role": "Lead Developer"
                },
                {
                    "name": "Chris Corbyn"
                }
            ],
            "description": "Swiftmailer, free feature-rich PHP mailer",
            "homepage": "http://swiftmailer.org",
            "keywords": [
                "mail",
                "mailer"
            ],
            "time": "2013-08-30 12:35:21"
        },
        {
            "name": "zf1/zend-exception",
            "version": "1.12.3",
            "source": {
                "type": "git",
                "url": "https://github.com/zf1/zend-exception.git",
                "reference": "6e607d8b112a06965938a5ffbee410e49c683942"
            },
            "dist": {
                "type": "zip",
                "url": "https://api.github.com/repos/zf1/zend-exception/zipball/6e607d8b112a06965938a5ffbee410e49c683942",
                "reference": "6e607d8b112a06965938a5ffbee410e49c683942",
                "shasum": ""
            },
            "require": {
                "php": ">=5.2.11"
            },
            "type": "library",
            "autoload": {
                "psr-0": {
                    "Zend_Exception": "library/"
                }
            },
            "notification-url": "https://packagist.org/downloads/",
            "license": [
                "BSD-3-Clause"
            ],
            "description": "Zend Framework 1 Exception package",
            "homepage": "http://framework.zend.com/",
            "keywords": [
                "ZF1",
                "exception",
                "framework",
                "zend"
            ],
            "time": "2014-01-02 14:05:54"
        },
        {
            "name": "zf1/zend-loader",
            "version": "1.12.3",
            "source": {
                "type": "git",
                "url": "https://github.com/zf1/zend-loader.git",
                "reference": "50b048d3237a3d42943df3bb850c3900d9d29595"
            },
            "dist": {
                "type": "zip",
                "url": "https://api.github.com/repos/zf1/zend-loader/zipball/50b048d3237a3d42943df3bb850c3900d9d29595",
                "reference": "50b048d3237a3d42943df3bb850c3900d9d29595",
                "shasum": ""
            },
            "require": {
                "php": ">=5.2.11",
                "zf1/zend-exception": "self.version"
            },
            "type": "library",
            "autoload": {
                "psr-0": {
                    "Zend_Loader": "library/"
                }
            },
            "notification-url": "https://packagist.org/downloads/",
            "license": [
                "BSD-3-Clause"
            ],
            "description": "Zend Framework 1 Loader package",
            "homepage": "http://framework.zend.com/",
            "keywords": [
                "ZF1",
                "framework",
                "loader",
                "zend"
            ],
            "time": "2014-01-02 14:06:01"
        },
        {
            "name": "zf1/zend-locale",
            "version": "1.12.3",
            "source": {
                "type": "git",
                "url": "https://github.com/zf1/zend-locale.git",
                "reference": "765c86d4624e13d228e8cdfbebe42b7e87639f3b"
            },
            "dist": {
                "type": "zip",
                "url": "https://api.github.com/repos/zf1/zend-locale/zipball/765c86d4624e13d228e8cdfbebe42b7e87639f3b",
                "reference": "765c86d4624e13d228e8cdfbebe42b7e87639f3b",
                "shasum": ""
            },
            "require": {
                "php": ">=5.2.11",
                "zf1/zend-exception": "self.version"
            },
            "suggest": {
                "zf1/zend-registry": "Used in special situations or with special adapters"
            },
            "type": "library",
            "autoload": {
                "psr-0": {
                    "Zend_Locale": "library/"
                }
            },
            "notification-url": "https://packagist.org/downloads/",
            "license": [
                "BSD-3-Clause"
            ],
            "description": "Zend Framework 1 Locale package",
            "homepage": "http://framework.zend.com/",
            "keywords": [
                "ZF1",
                "framework",
                "locale",
                "zend"
            ],
            "time": "2014-01-02 14:06:05"
        },
        {
            "name": "zf1/zend-translate",
            "version": "1.12.3",
            "source": {
                "type": "git",
                "url": "https://github.com/zf1/zend-translate.git",
                "reference": "b69f653060bc7d83c02fa47813ac2d28ab28e0cf"
            },
            "dist": {
                "type": "zip",
                "url": "https://api.github.com/repos/zf1/zend-translate/zipball/b69f653060bc7d83c02fa47813ac2d28ab28e0cf",
                "reference": "b69f653060bc7d83c02fa47813ac2d28ab28e0cf",
                "shasum": ""
            },
            "require": {
                "php": ">=5.2.11",
                "zf1/zend-exception": "self.version",
                "zf1/zend-loader": "self.version",
                "zf1/zend-locale": "self.version"
            },
            "type": "library",
            "autoload": {
                "psr-0": {
                    "Zend_Translate": "library/"
                }
            },
            "notification-url": "https://packagist.org/downloads/",
            "license": [
                "BSD-3-Clause"
            ],
            "description": "Zend Framework 1 Translate package",
            "homepage": "http://framework.zend.com/",
            "keywords": [
                "ZF1",
                "framework",
                "translate",
                "zend"
            ],
            "time": "2014-01-02 14:06:10"
        }
    ],
    "packages-dev": [

    ],
    "aliases": [

    ],
    "minimum-stability": "stable",
    "stability-flags": [

    ],
    "platform": [

    ],
    "platform-dev": [

    ]
}
